
Microsoft Visual Studio Solution File, Format Version 12.00
# Visual Studio Version 17
VisualStudioVersion = 17.1.32210.238
MinimumVisualStudioVersion = 10.0.40219.1
Project("{9A19103F-16F7-4668-BE54-9A1E7A4F7556}") = "WebApplicationTest1", "WebApplicationTest1\WebApplicationTest1.csproj", "{C0B306B1-07B0-47D0-9C66-5E5E8686A2E3}"
EndProject
Project("{FAE04EC0-301F-11D3-BF4B-00C04F79EFBC}") = "PetFosterBLL", "..\..\FosterPetDatabase\Library\PetFosterBLL\PetFosterBLL.csproj", "{27798235-DC8A-437D-BB54-2D7DFBC3D81C}"
EndProject
Project("{FAE04EC0-301F-11D3-BF4B-00C04F79EFBC}") = "PetFosterDAL", "..\..\FosterPetDatabase\Library\PetFosterDAL\PetFosterDAL.csproj", "{D14D1E13-07E7-4D9B-90E3-049A8371696E}"
EndProject
Project("{FAE04EC0-301F-11D3-BF4B-00C04F79EFBC}") = "PetFosterModel", "..\..\FosterPetDatabase\Library\PetFosterModel\PetFosterModel.csproj", "{A60EC2B6-EF30-48CB-A21D-77D98DE817F6}"
EndProject
Global
	GlobalSection(SolutionConfigurationPlatforms) = preSolution
		Debug|Any CPU = Debug|Any CPU
		Release|Any CPU = Release|Any CPU
	EndGlobalSection
	GlobalSection(ProjectConfigurationPlatforms) = postSolution
		{C0B306B1-07B0-47D0-9C66-5E5E8686A2E3}.Debug|Any CPU.ActiveCfg = Debug|Any CPU
		{C0B306B1-07B0-47D0-9C66-5E5E8686A2E3}.Debug|Any CPU.Build.0 = Debug|Any CPU
		{C0B306B1-07B0-47D0-9C66-5E5E8686A2E3}.Release|Any CPU.ActiveCfg = Release|Any CPU
		{C0B306B1-07B0-47D0-9C66-5E5E8686A2E3}.Release|Any CPU.Build.0 = Release|Any CPU
		{27798235-DC8A-437D-BB54-2D7DFBC3D81C}.Debug|Any CPU.ActiveCfg = Debug|Any CPU
		{27798235-DC8A-437D-BB54-2D7DFBC3D81C}.Debug|Any CPU.Build.0 = Debug|Any CPU
		{27798235-DC8A-437D-BB54-2D7DFBC3D81C}.Release|Any CPU.ActiveCfg = Release|Any CPU
		{27798235-DC8A-437D-BB54-2D7DFBC3D81C}.Release|Any CPU.Build.0 = Release|Any CPU
		{D14D1E13-07E7-4D9B-90E3-049A8371696E}.Debug|Any CPU.ActiveCfg = Debug|Any CPU
		{D14D1E13-07E7-4D9B-90E3-049A8371696E}.Debug|Any CPU.Build.0 = Debug|Any CPU
		{D14D1E13-07E7-4D9B-90E3-049A8371696E}.Release|Any CPU.ActiveCfg = Release|Any CPU
		{D14D1E13-07E7-4D9B-90E3-049A8371696E}.Release|Any CPU.Build.0 = Release|Any CPU
		{A60EC2B6-EF30-48CB-A21D-77D98DE817F6}.Debug|Any CPU.ActiveCfg = Debug|Any CPU
		{A60EC2B6-EF30-48CB-A21D-77D98DE817F6}.Debug|Any CPU.Build.0 = Debug|Any CPU
		{A60EC2B6-EF30-48CB-A21D-77D98DE817F6}.Release|Any CPU.ActiveCfg = Release|Any CPU
		{A60EC2B6-EF30-48CB-A21D-77D98DE817F6}.Release|Any CPU.Build.0 = Release|Any CPU
	EndGlobalSection
	GlobalSection(SolutionProperties) = preSolution
		HideSolutionNode = FALSE
	EndGlobalSection
	GlobalSection(ExtensibilityGlobals) = postSolution
		SolutionGuid = {9C2BCF8E-1812-4DED-9365-B80983142358}
	EndGlobalSection
EndGlobal
